// !$*UTF8*$!
{
	archiveVersion = 1;
	classes = {
	};
	objectVersion = 46;
	objects = {

/* Begin PBXBuildFile section */
		8E9660EE1D9EF23B00063ACF /* main.swift in Sources */ = {isa = PBXBuildFile; fileRef = 8E9660ED1D9EF23B00063ACF /* main.swift */; };
		8E9660F51D9EF24E00063ACF /* utility.swift in Sources */ = {isa = PBXBuildFile; fileRef = 8E9660F41D9EF24E00063ACF /* utility.swift */; };
		8E9660F71D9EF7AA00063ACF /* tmls in CopyFiles */ = {isa = PBXBuildFile; fileRef = 8E9660EA1D9EF23B00063ACF /* tmls */; };
/* End PBXBuildFile section */

/* Begin PBXCopyFilesBuildPhase section */
		8E9660F61D9EF79C00063ACF /* CopyFiles */ = {
			isa = PBXCopyFilesBuildPhase;
			buildActionMask = 2147483647;
			dstPath = "~/bin";
			dstSubfolderSpec = 0;
			files = (
				8E9660F71D9EF7AA00063ACF /* tmls in CopyFiles */,
			);
			runOnlyForDeploymentPostprocessing = 0;
		};
/* End PBXCopyFilesBuildPhase section */

/* Begin PBXFileReference section */
		8E9660EA1D9EF23B00063ACF /* tmls */ = {isa = PBXFileReference; explicitFileType = "compiled.mach-o.executable"; includeInIndex = 0; path = tmls; sourceTree = BUILT_PRODUCTS_DIR; };
		8E9660ED1D9EF23B00063ACF /* main.swift */ = {isa = PBXFileReference; lastKnownFileType = sourcecode.swift; path = main.swift; sourceTree = "<group>"; };
		8E9660F41D9EF24E00063ACF /* utility.swift */ = {isa = PBXFileReference; fileEncoding = 4; lastKnownFileType = sourcecode.swift; path = utility.swift; sourceTree = "<group>"; };
/* End PBXFileReference section */

/* Begin PBXFrameworksBuildPhase section */
		8E9660E71D9EF23B00063ACF /* Frameworks */ = {
			isa = PBXFrameworksBuildPhase;
			buildActionMask = 2147483647;
			files = (
			);
			runOnlyForDeploymentPostprocessing = 0;
		};
/* End PBXFrameworksBuildPhase section */

/* Begin PBXGroup section */
		8E9660E11D9EF23B00063ACF = {
			isa = PBXGroup;
			children = (
				8E9660EC1D9EF23B00063ACF /* tmls */,
				8E9660EB1D9EF23B00063ACF /* Products */,
			);
			sourceTree = "<group>";
		};
		8E9660EB1D9EF23B00063ACF /* Products */ = {
			isa = PBXGroup;
			children = (
				8E9660EA1D9EF23B00063ACF /* tmls */,
			);
			name = Products;
			sourceTree = "<group>";
		};
		8E9660EC1D9EF23B00063ACF /* tmls */ = {
			isa = PBXGroup;
			children = (
				8E9660ED1D9EF23B00063ACF /* main.swift */,
				8E9660F41D9EF24E00063ACF /* utility.swift */,
			);
			path = tmls;
			sourceTree = "<group>";
		};
/* End PBXGroup section */

/* Begin PBXNativeTarget section */
		8E9660E91D9EF23B00063ACF /* tmls */ = {
			isa = PBXNativeTarget;
			buildConfigurationList = 8E9660F11D9EF23B00063ACF /* Build configuration list for PBXNativeTarget "tmls" */;
			buildPhases = (
				8E9660E61D9EF23B00063ACF /* Sources */,
				8E9660E71D9EF23B00063ACF /* Frameworks */,
				8E9660F61D9EF79C00063ACF /* CopyFiles */,
			);
			buildRules = (
			);
			dependencies = (
			);
			name = tmls;
			productName = tmls;
			productReference = 8E9660EA1D9EF23B00063ACF /* tmls */;
			productType = "com.apple.product-type.tool";
		};
/* End PBXNativeTarget section */

/* Begin PBXProject section */
		8E9660E21D9EF23B00063ACF /* Project object */ = {
			isa = PBXProject;
			attributes = {
				LastSwiftUpdateCheck = 0800;
				LastUpgradeCheck = 0800;
				ORGANIZATIONNAME = "Erica Sadun";
				TargetAttributes = {
					8E9660E91D9EF23B00063ACF = {
						CreatedOnToolsVersion = 8.0;
						DevelopmentTeam = 2W4DVPEQ39;
						ProvisioningStyle = Automatic;
					};
				};
			};
			buildConfigurationList = 8E9660E51D9EF23B00063ACF /* Build configuration list for PBXProject "tmls" */;
			compatibilityVersion = "Xcode 3.2";
			developmentRegion = English;
			hasScannedForEncodings = 0;
			knownRegions = (
				en,
			);
			mainGroup = 8E9660E11D9EF23B00063ACF;
			productRefGroup = 8E9660EB1D9EF23B00063ACF /* Products */;
			projectDirPath = "";
			projectRoot = "";
			targets = (
				8E9660E91D9EF23B00063ACF /* tmls */,
			);
		};
/* End PBXProject section */

/* Begin PBXSourcesBuildPhase section */
		8E9660E61D9EF23B00063ACF /* Sources */ = {
			isa = PBXSourcesBuildPhase;
			buildActionMask = 2147483647;
			files = (
				8E9660F51D9EF24E00063ACF /* utility.swift in Sources */,
				8E9660EE1D9EF23B00063ACF /* main.swift in Sources */,
			);
			runOnlyForDeploymentPostprocessing = 0;
		};
/* End PBXSourcesBuildPhase section */

/* Begin XCBuildConfiguration section */
		8E9660EF1D9EF23B00063ACF /* Debug */ = {
			isa = XCBuildConfiguration;
			buildSettings = {
				ALWAYS_SEARCH_USER_PATHS = NO;
				CLANG_ANALYZER_NONNULL = YES;
				CLANG_CXX_LANGUAGE_STANDARD = "gnu++0x";
				CLANG_CXX_LIBRARY = "libc++";
				CLANG_ENABLE_MODULES = YES;
				CLANG_ENABLE_OBJC_ARC = YES;
				CLANG_WARN_BOOL_CONVERSION = YES;
				CLANG_WARN_CONSTANT_CONVERSION = YES;
				CLANG_WARN_DIRECT_OBJC_ISA_USAGE = YES_ERROR;
				CLANG_WARN_DOCUMENTATION_COMMENTS = YES;
				CLANG_WARN_EMPTY_BODY = YES;
				CLANG_WARN_ENUM_CONVERSION = YES;
				CLANG_WARN_INFINITE_RECURSION = YES;
				CLANG_WARN_INT_CONVERSION = YES;
				CLANG_WARN_OBJC_ROOT_CLASS = YES_ERROR;
				CLANG_WARN_SUSPICIOUS_MOVES = YES;
				CLANG_WARN_UNREACHABLE_CODE = YES;
				CLANG_WARN__DUPLICATE_METHOD_MATCH = YES;
				CODE_SIGN_IDENTITY = "-";
				COPY_PHASE_STRIP = NO;
				DEBUG_INFORMATION_FORMAT = dwarf;
				ENABLE_STRICT_OBJC_MSGSEND = YES;
				ENABLE_TESTABILITY = YES;
				GCC_C_LANGUAGE_STANDARD = gnu99;
				GCC_DYNAMIC_NO_PIC = NO;
				GCC_NO_COMMON_BLOCKS = YES;
				GCC_OPTIMIZATION_LEVEL = 0;
				GCC_PREPROCESSOR_DEFINITIONS = (
					"DEBUG=1",
					"$(inherited)",
				);
				GCC_WARN_64_TO_32_BIT_CONVERSION = YES;
				GCC_WARN_ABOUT_RETURN_TYPE = YES_ERROR;
				GCC_WARN_UNDECLARED_SELECTOR = YES;
				GCC_WARN_UNINITIALIZED_AUTOS = YES_AGGRESSIVE;
				GCC_WARN_UNUSED_FUNCTION = YES;
				GCC_WARN_UNUSED_VARIABLE = YES;
				MACOSX_DEPLOYMENT_TARGET = 10.12;
				MTL_ENABLE_DEBUG_INFO = YES;
				ONLY_ACTIVE_ARCH = YES;
				SDKROOT = macosx;
				SWIFT_OPTIMIZATION_LEVEL = "-Onone";
			};
			name = Debug;
		};
		8E9660F01D9EF23B00063ACF /* Release */ = {
			isa = XCBuildConfiguration;
			buildSettings = {
				ALWAYS_SEARCH_USER_PATHS = NO;
				CLANG_ANALYZER_NONNULL = YES;
				CLANG_CXX_LANGUAGE_STANDARD = "gnu++0x";
				CLANG_CXX_LIBRARY = "libc++";
				CLANG_ENABLE_MODULES = YES;
				CLANG_ENABLE_OBJC_ARC = YES;
				CLANG_WARN_BOOL_CONVERSION = YES;
				CLANG_WARN_CONSTANT_CONVERSION = YES;
				CLANG_WARN_DIRECT_OBJC_ISA_USAGE = YES_ERROR;
				CLANG_WARN_DOCUMENTATION_COMMENTS = YES;
				CLANG_WARN_EMPTY_BODY = YES;
				CLANG_WARN_ENUM_CONVERSION = YES;
				CLANG_WARN_INFINITE_RECURSION = YES;
				CLANG_WARN_INT_CONVERSION = YES;
				CLANG_WARN_OBJC_ROOT_CLASS = YES_ERROR;
				CLANG_WARN_SUSPICIOUS_MOVES = YES;
				CLANG_WARN_UNREACHABLE_CODE = YES;
				CLANG_WARN__DUPLICATE_METHOD_MATCH = YES;
				CODE_SIGN_IDENTITY = "-";
				COPY_PHASE_STRIP = NO;
				DEBUG_INFORMATION_FORMAT = "dwarf-with-dsym";
				ENABLE_NS_ASSERTIONS = NO;
				ENABLE_STRICT_OBJC_MSGSEND = YES;
				GCC_C_LANGUAGE_STANDARD = gnu99;
				GCC_NO_COMMON_BLOCKS = YES;
				GCC_WARN_64_TO_32_BIT_CONVERSION = YES;
				GCC_WARN_ABOUT_RETURN_TYPE = YES_ERROR;
				GCC_WARN_UNDECLARED_SELECTOR = YES;
				GCC_WARN_UNINITIALIZED_AUTOS = YES_AGGRESSIVE;
				GCC_WARN_UNUSED_FUNCTION = YES;
				GCC_WARN_UNUSED_VARIABLE = YES;
				MACOSX_DEPLOYMENT_TARGET = 10.12;
				MTL_ENABLE_DEBUG_INFO = NO;
				SDKROOT = macosx;
			};
			name = Release;
		};
		8E9660F21D9EF23B00063ACF /* Debug */ = {
			isa = XCBuildConfiguration;
			buildSettings = {
				DEVELOPMENT_TEAM = 2W4DVPEQ39;
				PRODUCT_NAME = "$(TARGET_NAME)";
				SWIFT_VERSION = 3.0;
			};
			name = Debug;
		};
		8E9660F31D9EF23B00063ACF /* Release */ = {
			isa = XCBuildConfiguration;
			buildSettings = {
				DEVELOPMENT_TEAM = 2W4DVPEQ39;
				PRODUCT_NAME = "$(TARGET_NAME)";
				SWIFT_VERSION = 3.0;
			};
			name = Release;
		};
/* End XCBuildConfiguration section */

/* Begin XCConfigurationList section */
		8E9660E51D9EF23B00063ACF /* Build configuration list for PBXProject "tmls" */ = {
			isa = XCConfigurationList;
			buildConfigurations = (
				8E9660EF1D9EF23B00063ACF /* Debug */,
				8E9660F01D9EF23B00063ACF /* Release */,
			);
			defaultConfigurationIsVisible = 0;
			defaultConfigurationName = Release;
		};
		8E9660F11D9EF23B00063ACF /* Build configuration list for PBXNativeTarget "tmls" */ = {
			isa = XCConfigurationList;
			buildConfigurations = (
				8E9660F21D9EF23B00063ACF /* Debug */,
				8E9660F31D9EF23B00063ACF /* Release */,
			);
			defaultConfigurationIsVisible = 0;
		};
/* End XCConfigurationList section */
	};
	rootObject = 8E9660E21D9EF23B00063ACF /* Project object */;
}
